<?xml version="1.0" encoding="UTF-8"?>
<CodeBlocks_project_file>
	<FileVersion major="1" minor="6"/>
	<Project>
		<Option title="so2_zad3"/>
		<Option makefile_is_custom="1"/>
		<Option compiler="gcc"/>
		<Option virtualFolders="CMake Files\;"/>
		<Build>
			<Target title="all">
				<Option working_dir="/home/bmalecki/Projects/So2/Projekt/build-zad3_v2-Desktop-Default"/>
				<Option type="4"/>
				<MakeCommands>
					<Build command="/usr/bin/make -j3 -f &quot;/home/bmalecki/Projects/So2/Projekt/build-zad3_v2-Desktop-Default/Makefile&quot;  VERBOSE=1 all"/>
					<CompileFile command="/usr/bin/make -j3 -f &quot;/home/bmalecki/Projects/So2/Projekt/build-zad3_v2-Desktop-Default/Makefile&quot;  VERBOSE=1 &quot;$file&quot;"/>
					<Clean command="/usr/bin/make -j3 -f &quot;/home/bmalecki/Projects/So2/Projekt/build-zad3_v2-Desktop-Default/Makefile&quot;  VERBOSE=1 clean"/>
					<DistClean command="/usr/bin/make -j3 -f &quot;/home/bmalecki/Projects/So2/Projekt/build-zad3_v2-Desktop-Default/Makefile&quot;  VERBOSE=1 clean"/>
				</MakeCommands>
			</Target>
			<Target title="edit_cache">
				<Option working_dir="/home/bmalecki/Projects/So2/Projekt/build-zad3_v2-Desktop-Default"/>
				<Option type="4"/>
				<MakeCommands>
					<Build command="/usr/bin/make -j3 -f &quot;/home/bmalecki/Projects/So2/Projekt/build-zad3_v2-Desktop-Default/Makefile&quot;  VERBOSE=1 edit_cache"/>
					<CompileFile command="/usr/bin/make -j3 -f &quot;/home/bmalecki/Projects/So2/Projekt/build-zad3_v2-Desktop-Default/Makefile&quot;  VERBOSE=1 &quot;$file&quot;"/>
					<Clean command="/usr/bin/make -j3 -f &quot;/home/bmalecki/Projects/So2/Projekt/build-zad3_v2-Desktop-Default/Makefile&quot;  VERBOSE=1 clean"/>
					<DistClean command="/usr/bin/make -j3 -f &quot;/home/bmalecki/Projects/So2/Projekt/build-zad3_v2-Desktop-Default/Makefile&quot;  VERBOSE=1 clean"/>
				</MakeCommands>
			</Target>
			<Target title="rebuild_cache">
				<Option working_dir="/home/bmalecki/Projects/So2/Projekt/build-zad3_v2-Desktop-Default"/>
				<Option type="4"/>
				<MakeCommands>
					<Build command="/usr/bin/make -j3 -f &quot;/home/bmalecki/Projects/So2/Projekt/build-zad3_v2-Desktop-Default/Makefile&quot;  VERBOSE=1 rebuild_cache"/>
					<CompileFile command="/usr/bin/make -j3 -f &quot;/home/bmalecki/Projects/So2/Projekt/build-zad3_v2-Desktop-Default/Makefile&quot;  VERBOSE=1 &quot;$file&quot;"/>
					<Clean command="/usr/bin/make -j3 -f &quot;/home/bmalecki/Projects/So2/Projekt/build-zad3_v2-Desktop-Default/Makefile&quot;  VERBOSE=1 clean"/>
					<DistClean command="/usr/bin/make -j3 -f &quot;/home/bmalecki/Projects/So2/Projekt/build-zad3_v2-Desktop-Default/Makefile&quot;  VERBOSE=1 clean"/>
				</MakeCommands>
			</Target>
			<Target title="so2_zad3-lib">
				<Option output="/home/bmalecki/Projects/So2/Projekt/build-zad3_v2-Desktop-Default/libso2_zad3-lib.a" prefix_auto="0" extension_auto="0"/>
				<Option working_dir="/home/bmalecki/Projects/So2/Projekt/build-zad3_v2-Desktop-Default"/>
				<Option object_output="./"/>
				<Option type="2"/>
				<Option compiler="gcc"/>
				<Compiler>
					<Add directory="/home/bmalecki/Projects/So2/Projekt/zad3_v2/include"/>
					<Add directory="/usr/lib/gcc/x86_64-pc-linux-gnu/8.1.0/../../../../include/c++/8.1.0"/>
					<Add directory="/usr/lib/gcc/x86_64-pc-linux-gnu/8.1.0/../../../../include/c++/8.1.0/x86_64-pc-linux-gnu"/>
					<Add directory="/usr/lib/gcc/x86_64-pc-linux-gnu/8.1.0/../../../../include/c++/8.1.0/backward"/>
					<Add directory="/usr/lib/gcc/x86_64-pc-linux-gnu/8.1.0/include"/>
					<Add directory="/usr/local/include"/>
					<Add directory="/usr/lib/gcc/x86_64-pc-linux-gnu/8.1.0/include-fixed"/>
					<Add directory="/usr/include"/>
				</Compiler>
				<MakeCommands>
					<Build command="/usr/bin/make -j3 -f &quot;/home/bmalecki/Projects/So2/Projekt/build-zad3_v2-Desktop-Default/Makefile&quot;  VERBOSE=1 so2_zad3-lib"/>
					<CompileFile command="/usr/bin/make -j3 -f &quot;/home/bmalecki/Projects/So2/Projekt/build-zad3_v2-Desktop-Default/Makefile&quot;  VERBOSE=1 &quot;$file&quot;"/>
					<Clean command="/usr/bin/make -j3 -f &quot;/home/bmalecki/Projects/So2/Projekt/build-zad3_v2-Desktop-Default/Makefile&quot;  VERBOSE=1 clean"/>
					<DistClean command="/usr/bin/make -j3 -f &quot;/home/bmalecki/Projects/So2/Projekt/build-zad3_v2-Desktop-Default/Makefile&quot;  VERBOSE=1 clean"/>
				</MakeCommands>
			</Target>
			<Target title="so2_zad3-lib/fast">
				<Option output="/home/bmalecki/Projects/So2/Projekt/build-zad3_v2-Desktop-Default/libso2_zad3-lib.a" prefix_auto="0" extension_auto="0"/>
				<Option working_dir="/home/bmalecki/Projects/So2/Projekt/build-zad3_v2-Desktop-Default"/>
				<Option object_output="./"/>
				<Option type="2"/>
				<Option compiler="gcc"/>
				<Compiler>
					<Add directory="/home/bmalecki/Projects/So2/Projekt/zad3_v2/include"/>
					<Add directory="/usr/lib/gcc/x86_64-pc-linux-gnu/8.1.0/../../../../include/c++/8.1.0"/>
					<Add directory="/usr/lib/gcc/x86_64-pc-linux-gnu/8.1.0/../../../../include/c++/8.1.0/x86_64-pc-linux-gnu"/>
					<Add directory="/usr/lib/gcc/x86_64-pc-linux-gnu/8.1.0/../../../../include/c++/8.1.0/backward"/>
					<Add directory="/usr/lib/gcc/x86_64-pc-linux-gnu/8.1.0/include"/>
					<Add directory="/usr/local/include"/>
					<Add directory="/usr/lib/gcc/x86_64-pc-linux-gnu/8.1.0/include-fixed"/>
					<Add directory="/usr/include"/>
				</Compiler>
				<MakeCommands>
					<Build command="/usr/bin/make -j3 -f &quot;/home/bmalecki/Projects/So2/Projekt/build-zad3_v2-Desktop-Default/Makefile&quot;  VERBOSE=1 so2_zad3-lib/fast"/>
					<CompileFile command="/usr/bin/make -j3 -f &quot;/home/bmalecki/Projects/So2/Projekt/build-zad3_v2-Desktop-Default/Makefile&quot;  VERBOSE=1 &quot;$file&quot;"/>
					<Clean command="/usr/bin/make -j3 -f &quot;/home/bmalecki/Projects/So2/Projekt/build-zad3_v2-Desktop-Default/Makefile&quot;  VERBOSE=1 clean"/>
					<DistClean command="/usr/bin/make -j3 -f &quot;/home/bmalecki/Projects/So2/Projekt/build-zad3_v2-Desktop-Default/Makefile&quot;  VERBOSE=1 clean"/>
				</MakeCommands>
			</Target>
			<Target title="so2_zad3">
				<Option output="/home/bmalecki/Projects/So2/Projekt/build-zad3_v2-Desktop-Default/so2_zad3" prefix_auto="0" extension_auto="0"/>
				<Option working_dir="/home/bmalecki/Projects/So2/Projekt/build-zad3_v2-Desktop-Default"/>
				<Option object_output="./"/>
				<Option type="1"/>
				<Option compiler="gcc"/>
				<Compiler>
					<Add directory="/home/bmalecki/Projects/So2/Projekt/zad3_v2/include"/>
					<Add directory="/usr/lib/gcc/x86_64-pc-linux-gnu/8.1.0/../../../../include/c++/8.1.0"/>
					<Add directory="/usr/lib/gcc/x86_64-pc-linux-gnu/8.1.0/../../../../include/c++/8.1.0/x86_64-pc-linux-gnu"/>
					<Add directory="/usr/lib/gcc/x86_64-pc-linux-gnu/8.1.0/../../../../include/c++/8.1.0/backward"/>
					<Add directory="/usr/lib/gcc/x86_64-pc-linux-gnu/8.1.0/include"/>
					<Add directory="/usr/local/include"/>
					<Add directory="/usr/lib/gcc/x86_64-pc-linux-gnu/8.1.0/include-fixed"/>
					<Add directory="/usr/include"/>
				</Compiler>
				<MakeCommands>
					<Build command="/usr/bin/make -j3 -f &quot;/home/bmalecki/Projects/So2/Projekt/build-zad3_v2-Desktop-Default/Makefile&quot;  VERBOSE=1 so2_zad3"/>
					<CompileFile command="/usr/bin/make -j3 -f &quot;/home/bmalecki/Projects/So2/Projekt/build-zad3_v2-Desktop-Default/Makefile&quot;  VERBOSE=1 &quot;$file&quot;"/>
					<Clean command="/usr/bin/make -j3 -f &quot;/home/bmalecki/Projects/So2/Projekt/build-zad3_v2-Desktop-Default/Makefile&quot;  VERBOSE=1 clean"/>
					<DistClean command="/usr/bin/make -j3 -f &quot;/home/bmalecki/Projects/So2/Projekt/build-zad3_v2-Desktop-Default/Makefile&quot;  VERBOSE=1 clean"/>
				</MakeCommands>
			</Target>
			<Target title="so2_zad3/fast">
				<Option output="/home/bmalecki/Projects/So2/Projekt/build-zad3_v2-Desktop-Default/so2_zad3" prefix_auto="0" extension_auto="0"/>
				<Option working_dir="/home/bmalecki/Projects/So2/Projekt/build-zad3_v2-Desktop-Default"/>
				<Option object_output="./"/>
				<Option type="1"/>
				<Option compiler="gcc"/>
				<Compiler>
					<Add directory="/home/bmalecki/Projects/So2/Projekt/zad3_v2/include"/>
					<Add directory="/usr/lib/gcc/x86_64-pc-linux-gnu/8.1.0/../../../../include/c++/8.1.0"/>
					<Add directory="/usr/lib/gcc/x86_64-pc-linux-gnu/8.1.0/../../../../include/c++/8.1.0/x86_64-pc-linux-gnu"/>
					<Add directory="/usr/lib/gcc/x86_64-pc-linux-gnu/8.1.0/../../../../include/c++/8.1.0/backward"/>
					<Add directory="/usr/lib/gcc/x86_64-pc-linux-gnu/8.1.0/include"/>
					<Add directory="/usr/local/include"/>
					<Add directory="/usr/lib/gcc/x86_64-pc-linux-gnu/8.1.0/include-fixed"/>
					<Add directory="/usr/include"/>
				</Compiler>
				<MakeCommands>
					<Build command="/usr/bin/make -j3 -f &quot;/home/bmalecki/Projects/So2/Projekt/build-zad3_v2-Desktop-Default/Makefile&quot;  VERBOSE=1 so2_zad3/fast"/>
					<CompileFile command="/usr/bin/make -j3 -f &quot;/home/bmalecki/Projects/So2/Projekt/build-zad3_v2-Desktop-Default/Makefile&quot;  VERBOSE=1 &quot;$file&quot;"/>
					<Clean command="/usr/bin/make -j3 -f &quot;/home/bmalecki/Projects/So2/Projekt/build-zad3_v2-Desktop-Default/Makefile&quot;  VERBOSE=1 clean"/>
					<DistClean command="/usr/bin/make -j3 -f &quot;/home/bmalecki/Projects/So2/Projekt/build-zad3_v2-Desktop-Default/Makefile&quot;  VERBOSE=1 clean"/>
				</MakeCommands>
			</Target>
		</Build>
		<Unit filename="/home/bmalecki/Projects/So2/Projekt/zad3_v2/include/Building.hpp">
			<Option target="so2_zad3-lib"/>
		</Unit>
		<Unit filename="/home/bmalecki/Projects/So2/Projekt/zad3_v2/include/Elevator.hpp">
			<Option target="so2_zad3-lib"/>
		</Unit>
		<Unit filename="/home/bmalecki/Projects/So2/Projekt/zad3_v2/include/Person.hpp">
			<Option target="so2_zad3-lib"/>
		</Unit>
		<Unit filename="/home/bmalecki/Projects/So2/Projekt/zad3_v2/include/Queue.hpp">
			<Option target="so2_zad3-lib"/>
		</Unit>
		<Unit filename="/home/bmalecki/Projects/So2/Projekt/zad3_v2/include/RandomGenerator.hpp">
			<Option target="so2_zad3-lib"/>
		</Unit>
		<Unit filename="/home/bmalecki/Projects/So2/Projekt/zad3_v2/include/State.hpp">
			<Option target="so2_zad3-lib"/>
		</Unit>
		<Unit filename="/home/bmalecki/Projects/So2/Projekt/zad3_v2/source/Building.cpp">
			<Option target="so2_zad3-lib"/>
		</Unit>
		<Unit filename="/home/bmalecki/Projects/So2/Projekt/zad3_v2/source/Elevator.cpp">
			<Option target="so2_zad3-lib"/>
		</Unit>
		<Unit filename="/home/bmalecki/Projects/So2/Projekt/zad3_v2/source/Person.cpp">
			<Option target="so2_zad3-lib"/>
		</Unit>
		<Unit filename="/home/bmalecki/Projects/So2/Projekt/zad3_v2/source/Queue.cpp">
			<Option target="so2_zad3-lib"/>
		</Unit>
		<Unit filename="/home/bmalecki/Projects/So2/Projekt/zad3_v2/source/RandomGenerator.cpp">
			<Option target="so2_zad3-lib"/>
		</Unit>
		<Unit filename="/home/bmalecki/Projects/So2/Projekt/zad3_v2/source/State.cpp">
			<Option target="so2_zad3-lib"/>
		</Unit>
		<Unit filename="/home/bmalecki/Projects/So2/Projekt/zad3_v2/source/main.cpp">
			<Option target="so2_zad3"/>
		</Unit>
		<Unit filename="/home/bmalecki/Projects/So2/Projekt/zad3_v2/CMakeLists.txt">
			<Option virtualFolder="CMake Files\"/>
		</Unit>
	</Project>
</CodeBlocks_project_file>
